
Microsoft Visual Studio Solution File, Format Version 12.00
# Visual Studio Version 16
VisualStudioVersion = 16.0.31911.196
MinimumVisualStudioVersion = 10.0.40219.1
Project("{9A19103F-16F7-4668-BE54-9A1E7A4F7556}") = "ThalesTestUI", "ThalesTestUI.csproj", "{CDA68695-180A-4DA6-94C7-60DC8E8EA65F}"
EndProject
Project("{9A19103F-16F7-4668-BE54-9A1E7A4F7556}") = "ThalesTestAPI", "..\ThalesTestAPI\ThalesTestAPI.csproj", "{4ADB3A76-7572-4C71-8462-A374EC68EB2D}"
EndProject
Project("{9A19103F-16F7-4668-BE54-9A1E7A4F7556}") = "ThalesTestInfrastructure", "..\ThalesTestInfrastructure\ThalesTestInfrastructure.csproj", "{6D6A4810-10E8-4E4F-81B2-8F53EF6D33D7}"
EndProject
Project("{9A19103F-16F7-4668-BE54-9A1E7A4F7556}") = "ThalesTestApplicationCore", "..\ThalesTestApplicationCore\ThalesTestApplicationCore.csproj", "{A82BE254-264C-42F6-85B3-F78F27D1EF1B}"
EndProject
Project("{9A19103F-16F7-4668-BE54-9A1E7A4F7556}") = "ThalesTestUnitTests", "..\ThalesTestUnitTests\ThalesTestUnitTests.csproj", "{185F3441-1CBE-4E11-8B50-0DD9C9D12067}"
EndProject
Global
	GlobalSection(SolutionConfigurationPlatforms) = preSolution
		Debug|Any CPU = Debug|Any CPU
		Release|Any CPU = Release|Any CPU
	EndGlobalSection
	GlobalSection(ProjectConfigurationPlatforms) = postSolution
		{CDA68695-180A-4DA6-94C7-60DC8E8EA65F}.Debug|Any CPU.ActiveCfg = Debug|Any CPU
		{CDA68695-180A-4DA6-94C7-60DC8E8EA65F}.Debug|Any CPU.Build.0 = Debug|Any CPU
		{CDA68695-180A-4DA6-94C7-60DC8E8EA65F}.Release|Any CPU.ActiveCfg = Release|Any CPU
		{CDA68695-180A-4DA6-94C7-60DC8E8EA65F}.Release|Any CPU.Build.0 = Release|Any CPU
		{4ADB3A76-7572-4C71-8462-A374EC68EB2D}.Debug|Any CPU.ActiveCfg = Debug|Any CPU
		{4ADB3A76-7572-4C71-8462-A374EC68EB2D}.Debug|Any CPU.Build.0 = Debug|Any CPU
		{4ADB3A76-7572-4C71-8462-A374EC68EB2D}.Release|Any CPU.ActiveCfg = Release|Any CPU
		{4ADB3A76-7572-4C71-8462-A374EC68EB2D}.Release|Any CPU.Build.0 = Release|Any CPU
		{6D6A4810-10E8-4E4F-81B2-8F53EF6D33D7}.Debug|Any CPU.ActiveCfg = Debug|Any CPU
		{6D6A4810-10E8-4E4F-81B2-8F53EF6D33D7}.Debug|Any CPU.Build.0 = Debug|Any CPU
		{6D6A4810-10E8-4E4F-81B2-8F53EF6D33D7}.Release|Any CPU.ActiveCfg = Release|Any CPU
		{6D6A4810-10E8-4E4F-81B2-8F53EF6D33D7}.Release|Any CPU.Build.0 = Release|Any CPU
		{A82BE254-264C-42F6-85B3-F78F27D1EF1B}.Debug|Any CPU.ActiveCfg = Debug|Any CPU
		{A82BE254-264C-42F6-85B3-F78F27D1EF1B}.Debug|Any CPU.Build.0 = Debug|Any CPU
		{A82BE254-264C-42F6-85B3-F78F27D1EF1B}.Release|Any CPU.ActiveCfg = Release|Any CPU
		{A82BE254-264C-42F6-85B3-F78F27D1EF1B}.Release|Any CPU.Build.0 = Release|Any CPU
		{185F3441-1CBE-4E11-8B50-0DD9C9D12067}.Debug|Any CPU.ActiveCfg = Debug|Any CPU
		{185F3441-1CBE-4E11-8B50-0DD9C9D12067}.Debug|Any CPU.Build.0 = Debug|Any CPU
		{185F3441-1CBE-4E11-8B50-0DD9C9D12067}.Release|Any CPU.ActiveCfg = Release|Any CPU
		{185F3441-1CBE-4E11-8B50-0DD9C9D12067}.Release|Any CPU.Build.0 = Release|Any CPU
	EndGlobalSection
	GlobalSection(SolutionProperties) = preSolution
		HideSolutionNode = FALSE
	EndGlobalSection
	GlobalSection(ExtensibilityGlobals) = postSolution
		SolutionGuid = {E2ADF93C-9894-4270-A455-9F3730C0C9DD}
	EndGlobalSection
EndGlobal
